
Microsoft Visual Studio Solution File, Format Version 12.00
# Visual Studio Version 17
VisualStudioVersion = 17.14.36930.0 d17.14
MinimumVisualStudioVersion = 10.0.40219.1
Project("{FAE04EC0-301F-11D3-BF4B-00C04F79EFBC}") = "CollegeSchedule", "CollegeSchedule\CollegeSchedule.csproj", "{3934EACA-A58E-45EC-AC54-76B17295D96A}"
EndProject
Global
	GlobalSection(SolutionConfigurationPlatforms) = preSolution
		Debug|Any CPU = Debug|Any CPU
		Release|Any CPU = Release|Any CPU
	EndGlobalSection
	GlobalSection(ProjectConfigurationPlatforms) = postSolution
		{3934EACA-A58E-45EC-AC54-76B17295D96A}.Debug|Any CPU.ActiveCfg = Debug|Any CPU
		{3934EACA-A58E-45EC-AC54-76B17295D96A}.Debug|Any CPU.Build.0 = Debug|Any CPU
		{3934EACA-A58E-45EC-AC54-76B17295D96A}.Release|Any CPU.ActiveCfg = Release|Any CPU
		{3934EACA-A58E-45EC-AC54-76B17295D96A}.Release|Any CPU.Build.0 = Release|Any CPU
	EndGlobalSection
	GlobalSection(SolutionProperties) = preSolution
		HideSolutionNode = FALSE
	EndGlobalSection
	GlobalSection(ExtensibilityGlobals) = postSolution
		SolutionGuid = {5C473FFF-0A3C-4347-B2C3-4BC2A3B13EC9}
	EndGlobalSection
EndGlobal
